{
  "version": 4,
  "terraform_version": "1.3.7",
  "serial": 16,
  "lineage": "27c279b0-8d7b-fbf0-edf6-e5c0dcba12dc",
  "outputs": {},
  "resources": [
    {
      "mode": "data",
      "type": "digitalocean_ssh_key",
      "name": "karo-dokey",
      "provider": "provider[\"registry.terraform.io/digitalocean/digitalocean\"]",
      "instances": [
        {
          "schema_version": 0,
          "attributes": {
            "fingerprint": "0b:2c:41:90:1f:af:df:7c:06:c3:bc:ee:0e:24:68:59",
            "id": 36608653,
            "name": "id_rsa.pub",
            "public_key": "ssh-rsa AAAAB3NzaC1yc2EAAAADAQABAAABgQC9Fm3XPBPCVWvFE+/sufvMcQJsH92OvZLfHd03V+P2lFn6A6N0ayEsi8pJ0dCcp5KvjcBHXEW2j4EmRGGQHsX6EKBqfB30xke0JuyRepM+4DIb/7CG4H4FbftVEZKSd+vpa0UjtHtoC0NyyoGoTLX6PPFX/HARPcxyEPzsgUNBgzzMBAI2PifQjRblu4UpUhCKpxfVE8Qe+RAFZN+479lQESthOll+sAODLgmwxukgSm/7Akev0jn5xjpykvAjnAJMQtSAwVThe0N6qA89AVZvctE2zE+3NIeyvdwnJJYxhnx0zG8ui6X9TC2MftL9H4JDgtZE3fMXjJIGWR61uXrCbhrsbNWazTX3RJLzDvywFyd8418YvrRAB9hneA5IIujdvLiu96BSY2XHfnyxuplaUeGfwee4jwFbR/bF/U9hfDb4wHmakL05aTeodz2unF/MvI4fDTp7UTmt64TevYUHglyJzSAdDiXUCKxwCO31d7YvHlO42A2BTo+QkYBzZEc= rekeyole@DESKTOP-FKEVB4C"
          },
          "sensitive_attributes": []
        }
      ]
    },
    {
      "mode": "managed",
      "type": "digitalocean_droplet",
      "name": "karo-droplet",
      "provider": "provider[\"registry.terraform.io/digitalocean/digitalocean\"]",
      "instances": [
        {
          "schema_version": 1,
          "attributes": {
            "backups": false,
            "created_at": "2023-06-16T09:11:10Z",
            "disk": 80,
            "droplet_agent": null,
            "graceful_shutdown": false,
            "id": "360893664",
            "image": "ubuntu-22-10-x64",
            "ipv4_address": "138.68.137.179",
            "ipv4_address_private": "10.106.0.2",
            "ipv6": false,
            "ipv6_address": "",
            "locked": false,
            "memory": 4096,
            "monitoring": false,
            "name": "jenkins-server",
            "price_hourly": 0.03571,
            "price_monthly": 24,
            "private_networking": true,
            "region": "lon1",
            "resize_disk": true,
            "size": "s-2vcpu-4gb",
            "ssh_keys": [
              "36608653"
            ],
            "status": "active",
            "tags": null,
            "timeouts": null,
            "urn": "do:droplet:360893664",
            "user_data": null,
            "vcpus": 2,
            "volume_ids": [],
            "vpc_uuid": "73f003d5-c94d-4641-9700-41fb0b60c568"
          },
          "sensitive_attributes": [],
          "private": "eyJlMmJmYjczMC1lY2FhLTExZTYtOGY4OC0zNDM2M2JjN2M0YzAiOnsiY3JlYXRlIjozNjAwMDAwMDAwMDAwLCJkZWxldGUiOjYwMDAwMDAwMDAwLCJ1cGRhdGUiOjM2MDAwMDAwMDAwMDB9LCJzY2hlbWFfdmVyc2lvbiI6IjEifQ==",
          "dependencies": [
            "data.digitalocean_ssh_key.karo-dokey"
          ]
        }
      ]
    }
  ],
  "check_results": null
}
